
Microsoft Visual Studio Solution File, Format Version 12.00
# Visual Studio Version 16
VisualStudioVersion = 16.0.30114.105
MinimumVisualStudioVersion = 10.0.40219.1
Project("{FAE04EC0-301F-11D3-BF4B-00C04F79EFBC}") = "Web", "Web\Web.csproj", "{5CBFEE87-E9E3-4ED1-AA90-69147F6ADF8B}"
EndProject
Project("{FAE04EC0-301F-11D3-BF4B-00C04F79EFBC}") = "Data", "Data\Data.csproj", "{0DF73CCF-3FEA-40F0-957F-9FD334420997}"
EndProject
Project("{FAE04EC0-301F-11D3-BF4B-00C04F79EFBC}") = "Entities", "Entities\Entities.csproj", "{C1506D57-6453-4009-9092-D0E9E2186DDF}"
EndProject
Global
	GlobalSection(SolutionConfigurationPlatforms) = preSolution
		Debug|Any CPU = Debug|Any CPU
		Release|Any CPU = Release|Any CPU
	EndGlobalSection
	GlobalSection(SolutionProperties) = preSolution
		HideSolutionNode = FALSE
	EndGlobalSection
	GlobalSection(ProjectConfigurationPlatforms) = postSolution
		{5CBFEE87-E9E3-4ED1-AA90-69147F6ADF8B}.Debug|Any CPU.ActiveCfg = Debug|Any CPU
		{5CBFEE87-E9E3-4ED1-AA90-69147F6ADF8B}.Debug|Any CPU.Build.0 = Debug|Any CPU
		{5CBFEE87-E9E3-4ED1-AA90-69147F6ADF8B}.Release|Any CPU.ActiveCfg = Release|Any CPU
		{5CBFEE87-E9E3-4ED1-AA90-69147F6ADF8B}.Release|Any CPU.Build.0 = Release|Any CPU
		{0DF73CCF-3FEA-40F0-957F-9FD334420997}.Debug|Any CPU.ActiveCfg = Debug|Any CPU
		{0DF73CCF-3FEA-40F0-957F-9FD334420997}.Debug|Any CPU.Build.0 = Debug|Any CPU
		{0DF73CCF-3FEA-40F0-957F-9FD334420997}.Release|Any CPU.ActiveCfg = Release|Any CPU
		{0DF73CCF-3FEA-40F0-957F-9FD334420997}.Release|Any CPU.Build.0 = Release|Any CPU
		{C1506D57-6453-4009-9092-D0E9E2186DDF}.Debug|Any CPU.ActiveCfg = Debug|Any CPU
		{C1506D57-6453-4009-9092-D0E9E2186DDF}.Debug|Any CPU.Build.0 = Debug|Any CPU
		{C1506D57-6453-4009-9092-D0E9E2186DDF}.Release|Any CPU.ActiveCfg = Release|Any CPU
		{C1506D57-6453-4009-9092-D0E9E2186DDF}.Release|Any CPU.Build.0 = Release|Any CPU
	EndGlobalSection
EndGlobal
